PODS:
  - Nimble (5.1.1)
  - Quick (1.0.0)
  - SBNag.swift (0.0.1):
    - SwiftDate
  - SwiftDate (4.0.13)

DEPENDENCIES:
  - Nimble (~> 5.1.1)
  - Quick (~> 1.0.0)
  - SBNag.swift (from `../`)
  - SwiftDate

EXTERNAL SOURCES:
  SBNag.swift:
    :path: "../"

SPEC CHECKSUMS:
  Nimble: 415e3aa3267e7bc2c96b05fa814ddea7bb686a29
  Quick: 8024e4a47e6cc03a9d5245ef0948264fc6d27cff
  SBNag.swift: c69d6c0d5610c92ad20a8f05e9727271916d8a25
  SwiftDate: 8ec416bb1b5129d1f35e8efaed720421f41d42df

PODFILE CHECKSUM: 8bb4ca4d1afe1c6b0654f25d723f4d3f74f1d4d3

COCOAPODS: 1.2.0
