PODS:
  - Nimble (8.0.7)
  - Quick (2.2.0)
  - SBNag.swift (0.0.2):
    - SwiftDate
  - SwiftDate (6.1.0)

DEPENDENCIES:
  - Nimble
  - Quick
  - SBNag.swift (from `../`)
  - SwiftDate

SPEC REPOS:
  trunk:
    - Nimble
    - Quick
    - SwiftDate

EXTERNAL SOURCES:
  SBNag.swift:
    :path: "../"

SPEC CHECKSUMS:
  Nimble: a73af6ecd4c9106f434f3d55fc54570be3739e0b
  Quick: 7fb19e13be07b5dfb3b90d4f9824c855a11af40e
  SBNag.swift: 5e9ffbcd35280305de0f864235969dfbbcded943
  SwiftDate: fa2bb3962056bb44047b4b85a30044e5eae30b03

PODFILE CHECKSUM: 925b0974bd69113bab957b575b2781ce7c198445

COCOAPODS: 1.9.0
